
Microsoft Visual Studio Solution File, Format Version 12.00
# Visual Studio Version 17
VisualStudioVersion = 17.9.34714.143
MinimumVisualStudioVersion = 10.0.40219.1
Project("{FAE04EC0-301F-11D3-BF4B-00C04F79EFBC}") = "XML_API", "XML_API.csproj", "{635C3BAA-F787-435E-A07B-E548FA38E0C3}"
EndProject
Project("{FAE04EC0-301F-11D3-BF4B-00C04F79EFBC}") = "XML_CLIENT", "..\XML_CLIENT\XML_CLIENT.csproj", "{7994FCB6-3F21-46E8-9094-D71C4F6F2B14}"
EndProject
Global
	GlobalSection(SolutionConfigurationPlatforms) = preSolution
		Debug|Any CPU = Debug|Any CPU
		Release|Any CPU = Release|Any CPU
	EndGlobalSection
	GlobalSection(ProjectConfigurationPlatforms) = postSolution
		{635C3BAA-F787-435E-A07B-E548FA38E0C3}.Debug|Any CPU.ActiveCfg = Debug|Any CPU
		{635C3BAA-F787-435E-A07B-E548FA38E0C3}.Debug|Any CPU.Build.0 = Debug|Any CPU
		{635C3BAA-F787-435E-A07B-E548FA38E0C3}.Release|Any CPU.ActiveCfg = Release|Any CPU
		{635C3BAA-F787-435E-A07B-E548FA38E0C3}.Release|Any CPU.Build.0 = Release|Any CPU
		{7994FCB6-3F21-46E8-9094-D71C4F6F2B14}.Debug|Any CPU.ActiveCfg = Debug|Any CPU
		{7994FCB6-3F21-46E8-9094-D71C4F6F2B14}.Debug|Any CPU.Build.0 = Debug|Any CPU
		{7994FCB6-3F21-46E8-9094-D71C4F6F2B14}.Release|Any CPU.ActiveCfg = Release|Any CPU
		{7994FCB6-3F21-46E8-9094-D71C4F6F2B14}.Release|Any CPU.Build.0 = Release|Any CPU
	EndGlobalSection
	GlobalSection(SolutionProperties) = preSolution
		HideSolutionNode = FALSE
	EndGlobalSection
	GlobalSection(ExtensibilityGlobals) = postSolution
		SolutionGuid = {FF30B7E6-2557-4C99-966F-3231E4AD28DE}
	EndGlobalSection
EndGlobal
